
Microsoft Visual Studio Solution File, Format Version 12.00
Project("{FAE04EC0-301F-11D3-BF4B-00C04F79EFBC}") = "SpellShortcut", "SpellShortcut.csproj", "{15862550-449D-4038-A0FB-03779566376C}"
EndProject
Global
	GlobalSection(SolutionConfigurationPlatforms) = preSolution
		Debug|Any CPU = Debug|Any CPU
		Release|Any CPU = Release|Any CPU
	EndGlobalSection
	GlobalSection(ProjectConfigurationPlatforms) = postSolution
		{15862550-449D-4038-A0FB-03779566376C}.Debug|Any CPU.ActiveCfg = Debug|Any CPU
		{15862550-449D-4038-A0FB-03779566376C}.Debug|Any CPU.Build.0 = Debug|Any CPU
		{15862550-449D-4038-A0FB-03779566376C}.Release|Any CPU.ActiveCfg = Release|Any CPU
		{15862550-449D-4038-A0FB-03779566376C}.Release|Any CPU.Build.0 = Release|Any CPU
	EndGlobalSection
EndGlobal
